// !$*UTF8*$!
{
	archiveVersion = 1;
	classes = {
	};
	objectVersion = 46;
	objects = {

/* Begin PBXBuildFile section */
		04E8D0211666B6960004430E /* UIKit.framework in Frameworks */ = {isa = PBXBuildFile; fileRef = 04E8D0201666B6960004430E /* UIKit.framework */; };
		04E8D0231666B6960004430E /* Foundation.framework in Frameworks */ = {isa = PBXBuildFile; fileRef = 04E8D0221666B6960004430E /* Foundation.framework */; };
		04E8D0251666B6960004430E /* CoreGraphics.framework in Frameworks */ = {isa = PBXBuildFile; fileRef = 04E8D0241666B6960004430E /* CoreGraphics.framework */; };
		04E8D02B1666B6960004430E /* InfoPlist.strings in Resources */ = {isa = PBXBuildFile; fileRef = 04E8D0291666B6960004430E /* InfoPlist.strings */; };
		04E8D02D1666B6960004430E /* main.m in Sources */ = {isa = PBXBuildFile; fileRef = 04E8D02C1666B6960004430E /* main.m */; };
		04E8D0311666B6960004430E /* AppDelegate.m in Sources */ = {isa = PBXBuildFile; fileRef = 04E8D0301666B6960004430E /* AppDelegate.m */; };
		04E8D0331666B6960004430E /* Default.png in Resources */ = {isa = PBXBuildFile; fileRef = 04E8D0321666B6960004430E /* Default.png */; };
		04E8D0351666B6960004430E /* Default@2x.png in Resources */ = {isa = PBXBuildFile; fileRef = 04E8D0341666B6960004430E /* Default@2x.png */; };
		04E8D0371666B6960004430E /* Default-568h@2x.png in Resources */ = {isa = PBXBuildFile; fileRef = 04E8D0361666B6960004430E /* Default-568h@2x.png */; };
		04E8D03A1666B6960004430E /* ViewController.m in Sources */ = {isa = PBXBuildFile; fileRef = 04E8D0391666B6960004430E /* ViewController.m */; };
		04E8D03D1666B6960004430E /* ViewController.xib in Resources */ = {isa = PBXBuildFile; fileRef = 04E8D03B1666B6960004430E /* ViewController.xib */; };
/* End PBXBuildFile section */

/* Begin PBXFileReference section */
		04E8D01C1666B6960004430E /* testSwipe.app */ = {isa = PBXFileReference; explicitFileType = wrapper.application; includeInIndex = 0; path = testSwipe.app; sourceTree = BUILT_PRODUCTS_DIR; };
		04E8D0201666B6960004430E /* UIKit.framework */ = {isa = PBXFileReference; lastKnownFileType = wrapper.framework; name = UIKit.framework; path = System/Library/Frameworks/UIKit.framework; sourceTree = SDKROOT; };
		04E8D0221666B6960004430E /* Foundation.framework */ = {isa = PBXFileReference; lastKnownFileType = wrapper.framework; name = Foundation.framework; path = System/Library/Frameworks/Foundation.framework; sourceTree = SDKROOT; };
		04E8D0241666B6960004430E /* CoreGraphics.framework */ = {isa = PBXFileReference; lastKnownFileType = wrapper.framework; name = CoreGraphics.framework; path = System/Library/Frameworks/CoreGraphics.framework; sourceTree = SDKROOT; };
		04E8D0281666B6960004430E /* testSwipe-Info.plist */ = {isa = PBXFileReference; lastKnownFileType = text.plist.xml; path = "testSwipe-Info.plist"; sourceTree = "<group>"; };
		04E8D02A1666B6960004430E /* en */ = {isa = PBXFileReference; lastKnownFileType = text.plist.strings; name = en; path = en.lproj/InfoPlist.strings; sourceTree = "<group>"; };
		04E8D02C1666B6960004430E /* main.m */ = {isa = PBXFileReference; lastKnownFileType = sourcecode.c.objc; path = main.m; sourceTree = "<group>"; };
		04E8D02E1666B6960004430E /* testSwipe-Prefix.pch */ = {isa = PBXFileReference; lastKnownFileType = sourcecode.c.h; path = "testSwipe-Prefix.pch"; sourceTree = "<group>"; };
		04E8D02F1666B6960004430E /* AppDelegate.h */ = {isa = PBXFileReference; lastKnownFileType = sourcecode.c.h; path = AppDelegate.h; sourceTree = "<group>"; };
		04E8D0301666B6960004430E /* AppDelegate.m */ = {isa = PBXFileReference; lastKnownFileType = sourcecode.c.objc; path = AppDelegate.m; sourceTree = "<group>"; };
		04E8D0321666B6960004430E /* Default.png */ = {isa = PBXFileReference; lastKnownFileType = image.png; path = Default.png; sourceTree = "<group>"; };
		04E8D0341666B6960004430E /* Default@2x.png */ = {isa = PBXFileReference; lastKnownFileType = image.png; path = "Default@2x.png"; sourceTree = "<group>"; };
		04E8D0361666B6960004430E /* Default-568h@2x.png */ = {isa = PBXFileReference; lastKnownFileType = image.png; path = "Default-568h@2x.png"; sourceTree = "<group>"; };
		04E8D0381666B6960004430E /* ViewController.h */ = {isa = PBXFileReference; lastKnownFileType = sourcecode.c.h; path = ViewController.h; sourceTree = "<group>"; };
		04E8D0391666B6960004430E /* ViewController.m */ = {isa = PBXFileReference; lastKnownFileType = sourcecode.c.objc; path = ViewController.m; sourceTree = "<group>"; };
		04E8D03C1666B6960004430E /* en */ = {isa = PBXFileReference; lastKnownFileType = file.xib; name = en; path = en.lproj/ViewController.xib; sourceTree = "<group>"; };
/* End PBXFileReference section */

/* Begin PBXFrameworksBuildPhase section */
		04E8D0191666B6960004430E /* Frameworks */ = {
			isa = PBXFrameworksBuildPhase;
			buildActionMask = 2147483647;
			files = (
				04E8D0211666B6960004430E /* UIKit.framework in Frameworks */,
				04E8D0231666B6960004430E /* Foundation.framework in Frameworks */,
				04E8D0251666B6960004430E /* CoreGraphics.framework in Frameworks */,
			);
			runOnlyForDeploymentPostprocessing = 0;
		};
/* End PBXFrameworksBuildPhase section */

/* Begin PBXGroup section */
		04E8D0111666B6960004430E = {
			isa = PBXGroup;
			children = (
				04E8D0261666B6960004430E /* testSwipe */,
				04E8D01F1666B6960004430E /* Frameworks */,
				04E8D01D1666B6960004430E /* Products */,
			);
			sourceTree = "<group>";
		};
		04E8D01D1666B6960004430E /* Products */ = {
			isa = PBXGroup;
			children = (
				04E8D01C1666B6960004430E /* testSwipe.app */,
			);
			name = Products;
			sourceTree = "<group>";
		};
		04E8D01F1666B6960004430E /* Frameworks */ = {
			isa = PBXGroup;
			children = (
				04E8D0201666B6960004430E /* UIKit.framework */,
				04E8D0221666B6960004430E /* Foundation.framework */,
				04E8D0241666B6960004430E /* CoreGraphics.framework */,
			);
			name = Frameworks;
			sourceTree = "<group>";
		};
		04E8D0261666B6960004430E /* testSwipe */ = {
			isa = PBXGroup;
			children = (
				04E8D02F1666B6960004430E /* AppDelegate.h */,
				04E8D0301666B6960004430E /* AppDelegate.m */,
				04E8D0381666B6960004430E /* ViewController.h */,
				04E8D0391666B6960004430E /* ViewController.m */,
				04E8D03B1666B6960004430E /* ViewController.xib */,
				04E8D0271666B6960004430E /* Supporting Files */,
			);
			path = testSwipe;
			sourceTree = "<group>";
		};
		04E8D0271666B6960004430E /* Supporting Files */ = {
			isa = PBXGroup;
			children = (
				04E8D0281666B6960004430E /* testSwipe-Info.plist */,
				04E8D0291666B6960004430E /* InfoPlist.strings */,
				04E8D02C1666B6960004430E /* main.m */,
				04E8D02E1666B6960004430E /* testSwipe-Prefix.pch */,
				04E8D0321666B6960004430E /* Default.png */,
				04E8D0341666B6960004430E /* Default@2x.png */,
				04E8D0361666B6960004430E /* Default-568h@2x.png */,
			);
			name = "Supporting Files";
			sourceTree = "<group>";
		};
/* End PBXGroup section */

/* Begin PBXNativeTarget section */
		04E8D01B1666B6960004430E /* testSwipe */ = {
			isa = PBXNativeTarget;
			buildConfigurationList = 04E8D0401666B6960004430E /* Build configuration list for PBXNativeTarget "testSwipe" */;
			buildPhases = (
				04E8D0181666B6960004430E /* Sources */,
				04E8D0191666B6960004430E /* Frameworks */,
				04E8D01A1666B6960004430E /* Resources */,
			);
			buildRules = (
			);
			dependencies = (
			);
			name = testSwipe;
			productName = testSwipe;
			productReference = 04E8D01C1666B6960004430E /* testSwipe.app */;
			productType = "com.apple.product-type.application";
		};
/* End PBXNativeTarget section */

/* Begin PBXProject section */
		04E8D0131666B6960004430E /* Project object */ = {
			isa = PBXProject;
			attributes = {
				LastUpgradeCheck = 0450;
				ORGANIZATIONNAME = Andrew;
			};
			buildConfigurationList = 04E8D0161666B6960004430E /* Build configuration list for PBXProject "testSwipe" */;
			compatibilityVersion = "Xcode 3.2";
			developmentRegion = English;
			hasScannedForEncodings = 0;
			knownRegions = (
				en,
			);
			mainGroup = 04E8D0111666B6960004430E;
			productRefGroup = 04E8D01D1666B6960004430E /* Products */;
			projectDirPath = "";
			projectRoot = "";
			targets = (
				04E8D01B1666B6960004430E /* testSwipe */,
			);
		};
/* End PBXProject section */

/* Begin PBXResourcesBuildPhase section */
		04E8D01A1666B6960004430E /* Resources */ = {
			isa = PBXResourcesBuildPhase;
			buildActionMask = 2147483647;
			files = (
				04E8D02B1666B6960004430E /* InfoPlist.strings in Resources */,
				04E8D0331666B6960004430E /* Default.png in Resources */,
				04E8D0351666B6960004430E /* Default@2x.png in Resources */,
				04E8D0371666B6960004430E /* Default-568h@2x.png in Resources */,
				04E8D03D1666B6960004430E /* ViewController.xib in Resources */,
			);
			runOnlyForDeploymentPostprocessing = 0;
		};
/* End PBXResourcesBuildPhase section */

/* Begin PBXSourcesBuildPhase section */
		04E8D0181666B6960004430E /* Sources */ = {
			isa = PBXSourcesBuildPhase;
			buildActionMask = 2147483647;
			files = (
				04E8D02D1666B6960004430E /* main.m in Sources */,
				04E8D0311666B6960004430E /* AppDelegate.m in Sources */,
				04E8D03A1666B6960004430E /* ViewController.m in Sources */,
			);
			runOnlyForDeploymentPostprocessing = 0;
		};
/* End PBXSourcesBuildPhase section */

/* Begin PBXVariantGroup section */
		04E8D0291666B6960004430E /* InfoPlist.strings */ = {
			isa = PBXVariantGroup;
			children = (
				04E8D02A1666B6960004430E /* en */,
			);
			name = InfoPlist.strings;
			sourceTree = "<group>";
		};
		04E8D03B1666B6960004430E /* ViewController.xib */ = {
			isa = PBXVariantGroup;
			children = (
				04E8D03C1666B6960004430E /* en */,
			);
			name = ViewController.xib;
			sourceTree = "<group>";
		};
/* End PBXVariantGroup section */

/* Begin XCBuildConfiguration section */
		04E8D03E1666B6960004430E /* Debug */ = {
			isa = XCBuildConfiguration;
			buildSettings = {
				ALWAYS_SEARCH_USER_PATHS = NO;
				CLANG_CXX_LANGUAGE_STANDARD = "gnu++0x";
				CLANG_CXX_LIBRARY = "libc++";
				CLANG_WARN_EMPTY_BODY = YES;
				CLANG_WARN__DUPLICATE_METHOD_MATCH = YES;
				"CODE_SIGN_IDENTITY[sdk=iphoneos*]" = "iPhone Developer";
				COPY_PHASE_STRIP = NO;
				GCC_C_LANGUAGE_STANDARD = gnu99;
				GCC_DYNAMIC_NO_PIC = NO;
				GCC_OPTIMIZATION_LEVEL = 0;
				GCC_PREPROCESSOR_DEFINITIONS = (
					"DEBUG=1",
					"$(inherited)",
				);
				GCC_SYMBOLS_PRIVATE_EXTERN = NO;
				GCC_WARN_ABOUT_RETURN_TYPE = YES;
				GCC_WARN_UNINITIALIZED_AUTOS = YES;
				GCC_WARN_UNUSED_VARIABLE = YES;
				IPHONEOS_DEPLOYMENT_TARGET = 6.0;
				ONLY_ACTIVE_ARCH = YES;
				SDKROOT = iphoneos;
			};
			name = Debug;
		};
		04E8D03F1666B6960004430E /* Release */ = {
			isa = XCBuildConfiguration;
			buildSettings = {
				ALWAYS_SEARCH_USER_PATHS = NO;
				CLANG_CXX_LANGUAGE_STANDARD = "gnu++0x";
				CLANG_CXX_LIBRARY = "libc++";
				CLANG_WARN_EMPTY_BODY = YES;
				CLANG_WARN__DUPLICATE_METHOD_MATCH = YES;
				"CODE_SIGN_IDENTITY[sdk=iphoneos*]" = "iPhone Developer";
				COPY_PHASE_STRIP = YES;
				GCC_C_LANGUAGE_STANDARD = gnu99;
				GCC_WARN_ABOUT_RETURN_TYPE = YES;
				GCC_WARN_UNINITIALIZED_AUTOS = YES;
				GCC_WARN_UNUSED_VARIABLE = YES;
				IPHONEOS_DEPLOYMENT_TARGET = 6.0;
				OTHER_CFLAGS = "-DNS_BLOCK_ASSERTIONS=1";
				SDKROOT = iphoneos;
				VALIDATE_PRODUCT = YES;
			};
			name = Release;
		};
		04E8D0411666B6960004430E /* Debug */ = {
			isa = XCBuildConfiguration;
			buildSettings = {
				GCC_PRECOMPILE_PREFIX_HEADER = YES;
				GCC_PREFIX_HEADER = "testSwipe/testSwipe-Prefix.pch";
				INFOPLIST_FILE = "testSwipe/testSwipe-Info.plist";
				PRODUCT_NAME = "$(TARGET_NAME)";
				WRAPPER_EXTENSION = app;
			};
			name = Debug;
		};
		04E8D0421666B6960004430E /* Release */ = {
			isa = XCBuildConfiguration;
			buildSettings = {
				GCC_PRECOMPILE_PREFIX_HEADER = YES;
				GCC_PREFIX_HEADER = "testSwipe/testSwipe-Prefix.pch";
				INFOPLIST_FILE = "testSwipe/testSwipe-Info.plist";
				PRODUCT_NAME = "$(TARGET_NAME)";
				WRAPPER_EXTENSION = app;
			};
			name = Release;
		};
/* End XCBuildConfiguration section */

/* Begin XCConfigurationList section */
		04E8D0161666B6960004430E /* Build configuration list for PBXProject "testSwipe" */ = {
			isa = XCConfigurationList;
			buildConfigurations = (
				04E8D03E1666B6960004430E /* Debug */,
				04E8D03F1666B6960004430E /* Release */,
			);
			defaultConfigurationIsVisible = 0;
			defaultConfigurationName = Release;
		};
		04E8D0401666B6960004430E /* Build configuration list for PBXNativeTarget "testSwipe" */ = {
			isa = XCConfigurationList;
			buildConfigurations = (
				04E8D0411666B6960004430E /* Debug */,
				04E8D0421666B6960004430E /* Release */,
			);
			defaultConfigurationIsVisible = 0;
		};
/* End XCConfigurationList section */
	};
	rootObject = 04E8D0131666B6960004430E /* Project object */;
}
